
Microsoft Visual Studio Solution File, Format Version 12.00
# Visual Studio Version 16
VisualStudioVersion = 16.0.33130.400
MinimumVisualStudioVersion = 10.0.40219.1
Project("{FAE04EC0-301F-11D3-BF4B-00C04F79EFBC}") = "DotNetTask", "DotNetTask.csproj", "{71C3632B-BCEA-49D2-920D-6F474AD87A3C}"
EndProject
Global
	GlobalSection(SolutionConfigurationPlatforms) = preSolution
		Debug|Any CPU = Debug|Any CPU
		Release|Any CPU = Release|Any CPU
	EndGlobalSection
	GlobalSection(ProjectConfigurationPlatforms) = postSolution
		{71C3632B-BCEA-49D2-920D-6F474AD87A3C}.Debug|Any CPU.ActiveCfg = Debug|Any CPU
		{71C3632B-BCEA-49D2-920D-6F474AD87A3C}.Debug|Any CPU.Build.0 = Debug|Any CPU
		{71C3632B-BCEA-49D2-920D-6F474AD87A3C}.Release|Any CPU.ActiveCfg = Release|Any CPU
		{71C3632B-BCEA-49D2-920D-6F474AD87A3C}.Release|Any CPU.Build.0 = Release|Any CPU
	EndGlobalSection
	GlobalSection(SolutionProperties) = preSolution
		HideSolutionNode = FALSE
	EndGlobalSection
	GlobalSection(ExtensibilityGlobals) = postSolution
		SolutionGuid = {6759EC5E-7422-4E27-BAFE-21CE6BA4D014}
	EndGlobalSection
EndGlobal
